
Microsoft Visual Studio Solution File, Format Version 12.00
# Visual Studio Version 16
VisualStudioVersion = 16.0.31424.327
MinimumVisualStudioVersion = 10.0.40219.1
Project("{FAE04EC0-301F-11D3-BF4B-00C04F79EFBC}") = "WEBApi_E2", "WEBApi_E2\WEBApi_E2.csproj", "{B4DFE18D-7815-4B7E-BBFA-C6C80BA723CC}"
EndProject
Global
	GlobalSection(SolutionConfigurationPlatforms) = preSolution
		Debug|Any CPU = Debug|Any CPU
		Release|Any CPU = Release|Any CPU
	EndGlobalSection
	GlobalSection(ProjectConfigurationPlatforms) = postSolution
		{B4DFE18D-7815-4B7E-BBFA-C6C80BA723CC}.Debug|Any CPU.ActiveCfg = Debug|Any CPU
		{B4DFE18D-7815-4B7E-BBFA-C6C80BA723CC}.Debug|Any CPU.Build.0 = Debug|Any CPU
		{B4DFE18D-7815-4B7E-BBFA-C6C80BA723CC}.Release|Any CPU.ActiveCfg = Release|Any CPU
		{B4DFE18D-7815-4B7E-BBFA-C6C80BA723CC}.Release|Any CPU.Build.0 = Release|Any CPU
	EndGlobalSection
	GlobalSection(SolutionProperties) = preSolution
		HideSolutionNode = FALSE
	EndGlobalSection
	GlobalSection(ExtensibilityGlobals) = postSolution
		SolutionGuid = {AB5DD76D-429F-43D1-8883-2F8711653720}
	EndGlobalSection
EndGlobal
